
Microsoft Visual Studio Solution File, Format Version 12.00
# Visual Studio Version 17
VisualStudioVersion = 17.5.33516.290
MinimumVisualStudioVersion = 10.0.40219.1
Project("{FAE04EC0-301F-11D3-BF4B-00C04F79EFBC}") = "Twiblog", "Twiblog.csproj", "{803923EC-8436-4B20-ACE0-3B69380A5100}"
EndProject
Global
	GlobalSection(SolutionConfigurationPlatforms) = preSolution
		Debug|Any CPU = Debug|Any CPU
		Release|Any CPU = Release|Any CPU
	EndGlobalSection
	GlobalSection(ProjectConfigurationPlatforms) = postSolution
		{803923EC-8436-4B20-ACE0-3B69380A5100}.Debug|Any CPU.ActiveCfg = Debug|Any CPU
		{803923EC-8436-4B20-ACE0-3B69380A5100}.Debug|Any CPU.Build.0 = Debug|Any CPU
		{803923EC-8436-4B20-ACE0-3B69380A5100}.Release|Any CPU.ActiveCfg = Release|Any CPU
		{803923EC-8436-4B20-ACE0-3B69380A5100}.Release|Any CPU.Build.0 = Release|Any CPU
	EndGlobalSection
	GlobalSection(SolutionProperties) = preSolution
		HideSolutionNode = FALSE
	EndGlobalSection
	GlobalSection(ExtensibilityGlobals) = postSolution
		SolutionGuid = {4E62C7FC-6761-4144-878D-4626A7452E30}
	EndGlobalSection
EndGlobal
